// !$*UTF8*$!
{
	archiveVersion = 1;
	classes = {
	};
	objectVersion = 50;
	objects = {

/* Begin PBXBuildFile section */
		880474DB22DFCD61005D7A84 /* AppDelegate.swift in Sources */ = {isa = PBXBuildFile; fileRef = 880474DA22DFCD61005D7A84 /* AppDelegate.swift */; };
		880474DD22DFCD61005D7A84 /* ViewController.swift in Sources */ = {isa = PBXBuildFile; fileRef = 880474DC22DFCD61005D7A84 /* ViewController.swift */; };
		880474E022DFCD61005D7A84 /* Main.storyboard in Resources */ = {isa = PBXBuildFile; fileRef = 880474DE22DFCD61005D7A84 /* Main.storyboard */; };
		880474E222DFCD61005D7A84 /* Assets.xcassets in Resources */ = {isa = PBXBuildFile; fileRef = 880474E122DFCD61005D7A84 /* Assets.xcassets */; };
		880474E522DFCD61005D7A84 /* LaunchScreen.storyboard in Resources */ = {isa = PBXBuildFile; fileRef = 880474E322DFCD61005D7A84 /* LaunchScreen.storyboard */; };
		88EB97B722E0D495009D00E8 /* animallogo.png in Resources */ = {isa = PBXBuildFile; fileRef = 88EB97B622E0D495009D00E8 /* animallogo.png */; };
/* End PBXBuildFile section */

/* Begin PBXFileReference section */
		880474D722DFCD61005D7A84 /* Animal Generator.app */ = {isa = PBXFileReference; explicitFileType = wrapper.application; includeInIndex = 0; path = "Animal Generator.app"; sourceTree = BUILT_PRODUCTS_DIR; };
		880474DA22DFCD61005D7A84 /* AppDelegate.swift */ = {isa = PBXFileReference; lastKnownFileType = sourcecode.swift; path = AppDelegate.swift; sourceTree = "<group>"; };
		880474DC22DFCD61005D7A84 /* ViewController.swift */ = {isa = PBXFileReference; lastKnownFileType = sourcecode.swift; path = ViewController.swift; sourceTree = "<group>"; };
		880474DF22DFCD61005D7A84 /* Base */ = {isa = PBXFileReference; lastKnownFileType = file.storyboard; name = Base; path = Base.lproj/Main.storyboard; sourceTree = "<group>"; };
		880474E122DFCD61005D7A84 /* Assets.xcassets */ = {isa = PBXFileReference; lastKnownFileType = folder.assetcatalog; path = Assets.xcassets; sourceTree = "<group>"; };
		880474E422DFCD61005D7A84 /* Base */ = {isa = PBXFileReference; lastKnownFileType = file.storyboard; name = Base; path = Base.lproj/LaunchScreen.storyboard; sourceTree = "<group>"; };
		880474E622DFCD61005D7A84 /* Info.plist */ = {isa = PBXFileReference; lastKnownFileType = text.plist.xml; path = Info.plist; sourceTree = "<group>"; };
		88EB97B622E0D495009D00E8 /* animallogo.png */ = {isa = PBXFileReference; lastKnownFileType = image.png; name = animallogo.png; path = ../../../../../../Downloads/ios/animallogo.png; sourceTree = "<group>"; };
/* End PBXFileReference section */

/* Begin PBXFrameworksBuildPhase section */
		880474D422DFCD61005D7A84 /* Frameworks */ = {
			isa = PBXFrameworksBuildPhase;
			buildActionMask = 2147483647;
			files = (
			);
			runOnlyForDeploymentPostprocessing = 0;
		};
/* End PBXFrameworksBuildPhase section */

/* Begin PBXGroup section */
		880474CE22DFCD60005D7A84 = {
			isa = PBXGroup;
			children = (
				880474D922DFCD61005D7A84 /* Animal Generator */,
				880474D822DFCD61005D7A84 /* Products */,
			);
			sourceTree = "<group>";
		};
		880474D822DFCD61005D7A84 /* Products */ = {
			isa = PBXGroup;
			children = (
				880474D722DFCD61005D7A84 /* Animal Generator.app */,
			);
			name = Products;
			sourceTree = "<group>";
		};
		880474D922DFCD61005D7A84 /* Animal Generator */ = {
			isa = PBXGroup;
			children = (
				880474DA22DFCD61005D7A84 /* AppDelegate.swift */,
				880474DC22DFCD61005D7A84 /* ViewController.swift */,
				880474DE22DFCD61005D7A84 /* Main.storyboard */,
				880474E122DFCD61005D7A84 /* Assets.xcassets */,
				880474E322DFCD61005D7A84 /* LaunchScreen.storyboard */,
				880474E622DFCD61005D7A84 /* Info.plist */,
				88EB97B622E0D495009D00E8 /* animallogo.png */,
			);
			path = "Animal Generator";
			sourceTree = "<group>";
		};
/* End PBXGroup section */

/* Begin PBXNativeTarget section */
		880474D622DFCD61005D7A84 /* Animal Generator */ = {
			isa = PBXNativeTarget;
			buildConfigurationList = 880474E922DFCD61005D7A84 /* Build configuration list for PBXNativeTarget "Animal Generator" */;
			buildPhases = (
				880474D322DFCD61005D7A84 /* Sources */,
				880474D422DFCD61005D7A84 /* Frameworks */,
				880474D522DFCD61005D7A84 /* Resources */,
			);
			buildRules = (
			);
			dependencies = (
			);
			name = "Animal Generator";
			productName = "Animal Generator";
			productReference = 880474D722DFCD61005D7A84 /* Animal Generator.app */;
			productType = "com.apple.product-type.application";
		};
/* End PBXNativeTarget section */

/* Begin PBXProject section */
		880474CF22DFCD60005D7A84 /* Project object */ = {
			isa = PBXProject;
			attributes = {
				LastSwiftUpdateCheck = 1020;
				LastUpgradeCheck = 1020;
				ORGANIZATIONNAME = Nitin;
				TargetAttributes = {
					880474D622DFCD61005D7A84 = {
						CreatedOnToolsVersion = 10.2.1;
					};
				};
			};
			buildConfigurationList = 880474D222DFCD60005D7A84 /* Build configuration list for PBXProject "Animal Generator" */;
			compatibilityVersion = "Xcode 9.3";
			developmentRegion = en;
			hasScannedForEncodings = 0;
			knownRegions = (
				en,
				Base,
			);
			mainGroup = 880474CE22DFCD60005D7A84;
			productRefGroup = 880474D822DFCD61005D7A84 /* Products */;
			projectDirPath = "";
			projectRoot = "";
			targets = (
				880474D622DFCD61005D7A84 /* Animal Generator */,
			);
		};
/* End PBXProject section */

/* Begin PBXResourcesBuildPhase section */
		880474D522DFCD61005D7A84 /* Resources */ = {
			isa = PBXResourcesBuildPhase;
			buildActionMask = 2147483647;
			files = (
				88EB97B722E0D495009D00E8 /* animallogo.png in Resources */,
				880474E522DFCD61005D7A84 /* LaunchScreen.storyboard in Resources */,
				880474E222DFCD61005D7A84 /* Assets.xcassets in Resources */,
				880474E022DFCD61005D7A84 /* Main.storyboard in Resources */,
			);
			runOnlyForDeploymentPostprocessing = 0;
		};
/* End PBXResourcesBuildPhase section */

/* Begin PBXSourcesBuildPhase section */
		880474D322DFCD61005D7A84 /* Sources */ = {
			isa = PBXSourcesBuildPhase;
			buildActionMask = 2147483647;
			files = (
				880474DD22DFCD61005D7A84 /* ViewController.swift in Sources */,
				880474DB22DFCD61005D7A84 /* AppDelegate.swift in Sources */,
			);
			runOnlyForDeploymentPostprocessing = 0;
		};
/* End PBXSourcesBuildPhase section */

/* Begin PBXVariantGroup section */
		880474DE22DFCD61005D7A84 /* Main.storyboard */ = {
			isa = PBXVariantGroup;
			children = (
				880474DF22DFCD61005D7A84 /* Base */,
			);
			name = Main.storyboard;
			sourceTree = "<group>";
		};
		880474E322DFCD61005D7A84 /* LaunchScreen.storyboard */ = {
			isa = PBXVariantGroup;
			children = (
				880474E422DFCD61005D7A84 /* Base */,
			);
			name = LaunchScreen.storyboard;
			sourceTree = "<group>";
		};
/* End PBXVariantGroup section */

/* Begin XCBuildConfiguration section */
		880474E722DFCD61005D7A84 /* Debug */ = {
			isa = XCBuildConfiguration;
			buildSettings = {
				ALWAYS_SEARCH_USER_PATHS = NO;
				CLANG_ANALYZER_NONNULL = YES;
				CLANG_ANALYZER_NUMBER_OBJECT_CONVERSION = YES_AGGRESSIVE;
				CLANG_CXX_LANGUAGE_STANDARD = "gnu++14";
				CLANG_CXX_LIBRARY = "libc++";
				CLANG_ENABLE_MODULES = YES;
				CLANG_ENABLE_OBJC_ARC = YES;
				CLANG_ENABLE_OBJC_WEAK = YES;
				CLANG_WARN_BLOCK_CAPTURE_AUTORELEASING = YES;
				CLANG_WARN_BOOL_CONVERSION = YES;
				CLANG_WARN_COMMA = YES;
				CLANG_WARN_CONSTANT_CONVERSION = YES;
				CLANG_WARN_DEPRECATED_OBJC_IMPLEMENTATIONS = YES;
				CLANG_WARN_DIRECT_OBJC_ISA_USAGE = YES_ERROR;
				CLANG_WARN_DOCUMENTATION_COMMENTS = YES;
				CLANG_WARN_EMPTY_BODY = YES;
				CLANG_WARN_ENUM_CONVERSION = YES;
				CLANG_WARN_INFINITE_RECURSION = YES;
				CLANG_WARN_INT_CONVERSION = YES;
				CLANG_WARN_NON_LITERAL_NULL_CONVERSION = YES;
				CLANG_WARN_OBJC_IMPLICIT_RETAIN_SELF = YES;
				CLANG_WARN_OBJC_LITERAL_CONVERSION = YES;
				CLANG_WARN_OBJC_ROOT_CLASS = YES_ERROR;
				CLANG_WARN_RANGE_LOOP_ANALYSIS = YES;
				CLANG_WARN_STRICT_PROTOTYPES = YES;
				CLANG_WARN_SUSPICIOUS_MOVE = YES;
				CLANG_WARN_UNGUARDED_AVAILABILITY = YES_AGGRESSIVE;
				CLANG_WARN_UNREACHABLE_CODE = YES;
				CLANG_WARN__DUPLICATE_METHOD_MATCH = YES;
				CODE_SIGN_IDENTITY = "iPhone Developer";
				COPY_PHASE_STRIP = NO;
				DEBUG_INFORMATION_FORMAT = dwarf;
				ENABLE_STRICT_OBJC_MSGSEND = YES;
				ENABLE_TESTABILITY = YES;
				GCC_C_LANGUAGE_STANDARD = gnu11;
				GCC_DYNAMIC_NO_PIC = NO;
				GCC_NO_COMMON_BLOCKS = YES;
				GCC_OPTIMIZATION_LEVEL = 0;
				GCC_PREPROCESSOR_DEFINITIONS = (
					"DEBUG=1",
					"$(inherited)",
				);
				GCC_WARN_64_TO_32_BIT_CONVERSION = YES;
				GCC_WARN_ABOUT_RETURN_TYPE = YES_ERROR;
				GCC_WARN_UNDECLARED_SELECTOR = YES;
				GCC_WARN_UNINITIALIZED_AUTOS = YES_AGGRESSIVE;
				GCC_WARN_UNUSED_FUNCTION = YES;
				GCC_WARN_UNUSED_VARIABLE = YES;
				IPHONEOS_DEPLOYMENT_TARGET = 12.2;
				MTL_ENABLE_DEBUG_INFO = INCLUDE_SOURCE;
				MTL_FAST_MATH = YES;
				ONLY_ACTIVE_ARCH = YES;
				SDKROOT = iphoneos;
				SWIFT_ACTIVE_COMPILATION_CONDITIONS = DEBUG;
				SWIFT_OPTIMIZATION_LEVEL = "-Onone";
			};
			name = Debug;
		};
		880474E822DFCD61005D7A84 /* Release */ = {
			isa = XCBuildConfiguration;
			buildSettings = {
				ALWAYS_SEARCH_USER_PATHS = NO;
				CLANG_ANALYZER_NONNULL = YES;
				CLANG_ANALYZER_NUMBER_OBJECT_CONVERSION = YES_AGGRESSIVE;
				CLANG_CXX_LANGUAGE_STANDARD = "gnu++14";
				CLANG_CXX_LIBRARY = "libc++";
				CLANG_ENABLE_MODULES = YES;
				CLANG_ENABLE_OBJC_ARC = YES;
				CLANG_ENABLE_OBJC_WEAK = YES;
				CLANG_WARN_BLOCK_CAPTURE_AUTORELEASING = YES;
				CLANG_WARN_BOOL_CONVERSION = YES;
				CLANG_WARN_COMMA = YES;
				CLANG_WARN_CONSTANT_CONVERSION = YES;
				CLANG_WARN_DEPRECATED_OBJC_IMPLEMENTATIONS = YES;
				CLANG_WARN_DIRECT_OBJC_ISA_USAGE = YES_ERROR;
				CLANG_WARN_DOCUMENTATION_COMMENTS = YES;
				CLANG_WARN_EMPTY_BODY = YES;
				CLANG_WARN_ENUM_CONVERSION = YES;
				CLANG_WARN_INFINITE_RECURSION = YES;
				CLANG_WARN_INT_CONVERSION = YES;
				CLANG_WARN_NON_LITERAL_NULL_CONVERSION = YES;
				CLANG_WARN_OBJC_IMPLICIT_RETAIN_SELF = YES;
				CLANG_WARN_OBJC_LITERAL_CONVERSION = YES;
				CLANG_WARN_OBJC_ROOT_CLASS = YES_ERROR;
				CLANG_WARN_RANGE_LOOP_ANALYSIS = YES;
				CLANG_WARN_STRICT_PROTOTYPES = YES;
				CLANG_WARN_SUSPICIOUS_MOVE = YES;
				CLANG_WARN_UNGUARDED_AVAILABILITY = YES_AGGRESSIVE;
				CLANG_WARN_UNREACHABLE_CODE = YES;
				CLANG_WARN__DUPLICATE_METHOD_MATCH = YES;
				CODE_SIGN_IDENTITY = "iPhone Developer";
				COPY_PHASE_STRIP = NO;
				DEBUG_INFORMATION_FORMAT = "dwarf-with-dsym";
				ENABLE_NS_ASSERTIONS = NO;
				ENABLE_STRICT_OBJC_MSGSEND = YES;
				GCC_C_LANGUAGE_STANDARD = gnu11;
				GCC_NO_COMMON_BLOCKS = YES;
				GCC_WARN_64_TO_32_BIT_CONVERSION = YES;
				GCC_WARN_ABOUT_RETURN_TYPE = YES_ERROR;
				GCC_WARN_UNDECLARED_SELECTOR = YES;
				GCC_WARN_UNINITIALIZED_AUTOS = YES_AGGRESSIVE;
				GCC_WARN_UNUSED_FUNCTION = YES;
				GCC_WARN_UNUSED_VARIABLE = YES;
				IPHONEOS_DEPLOYMENT_TARGET = 12.2;
				MTL_ENABLE_DEBUG_INFO = NO;
				MTL_FAST_MATH = YES;
				SDKROOT = iphoneos;
				SWIFT_COMPILATION_MODE = wholemodule;
				SWIFT_OPTIMIZATION_LEVEL = "-O";
				VALIDATE_PRODUCT = YES;
			};
			name = Release;
		};
		880474EA22DFCD61005D7A84 /* Debug */ = {
			isa = XCBuildConfiguration;
			buildSettings = {
				ASSETCATALOG_COMPILER_APPICON_NAME = AppIcon;
				CODE_SIGN_STYLE = Automatic;
				DEVELOPMENT_TEAM = 287Q2GK4ZZ;
				INFOPLIST_FILE = "Animal Generator/Info.plist";
				LD_RUNPATH_SEARCH_PATHS = (
					"$(inherited)",
					"@executable_path/Frameworks",
				);
				PRODUCT_BUNDLE_IDENTIFIER = "com.spuriq.Animal-Generator";
				PRODUCT_NAME = "$(TARGET_NAME)";
				SWIFT_VERSION = 5.0;
				TARGETED_DEVICE_FAMILY = "1,2";
			};
			name = Debug;
		};
		880474EB22DFCD61005D7A84 /* Release */ = {
			isa = XCBuildConfiguration;
			buildSettings = {
				ASSETCATALOG_COMPILER_APPICON_NAME = AppIcon;
				CODE_SIGN_STYLE = Automatic;
				DEVELOPMENT_TEAM = 287Q2GK4ZZ;
				INFOPLIST_FILE = "Animal Generator/Info.plist";
				LD_RUNPATH_SEARCH_PATHS = (
					"$(inherited)",
					"@executable_path/Frameworks",
				);
				PRODUCT_BUNDLE_IDENTIFIER = "com.spuriq.Animal-Generator";
				PRODUCT_NAME = "$(TARGET_NAME)";
				SWIFT_VERSION = 5.0;
				TARGETED_DEVICE_FAMILY = "1,2";
			};
			name = Release;
		};
/* End XCBuildConfiguration section */

/* Begin XCConfigurationList section */
		880474D222DFCD60005D7A84 /* Build configuration list for PBXProject "Animal Generator" */ = {
			isa = XCConfigurationList;
			buildConfigurations = (
				880474E722DFCD61005D7A84 /* Debug */,
				880474E822DFCD61005D7A84 /* Release */,
			);
			defaultConfigurationIsVisible = 0;
			defaultConfigurationName = Release;
		};
		880474E922DFCD61005D7A84 /* Build configuration list for PBXNativeTarget "Animal Generator" */ = {
			isa = XCConfigurationList;
			buildConfigurations = (
				880474EA22DFCD61005D7A84 /* Debug */,
				880474EB22DFCD61005D7A84 /* Release */,
			);
			defaultConfigurationIsVisible = 0;
			defaultConfigurationName = Release;
		};
/* End XCConfigurationList section */
	};
	rootObject = 880474CF22DFCD60005D7A84 /* Project object */;
}
